// !$*UTF8*$!
{
	archiveVersion = 1;
	classes = {
	};
	objectVersion = 46;
	objects = {

/* Begin PBXBuildFile section */
		967D1CD11D06629C002FDEB2 /* main.m in Sources */ = {isa = PBXBuildFile; fileRef = 967D1CD01D06629C002FDEB2 /* main.m */; };
		967D1CD41D06629C002FDEB2 /* AppDelegate.m in Sources */ = {isa = PBXBuildFile; fileRef = 967D1CD31D06629C002FDEB2 /* AppDelegate.m */; };
		967D1CD71D06629C002FDEB2 /* ViewController.m in Sources */ = {isa = PBXBuildFile; fileRef = 967D1CD61D06629C002FDEB2 /* ViewController.m */; };
		967D1CDA1D06629C002FDEB2 /* Main.storyboard in Resources */ = {isa = PBXBuildFile; fileRef = 967D1CD81D06629C002FDEB2 /* Main.storyboard */; };
		967D1CDC1D06629C002FDEB2 /* Assets.xcassets in Resources */ = {isa = PBXBuildFile; fileRef = 967D1CDB1D06629C002FDEB2 /* Assets.xcassets */; };
		967D1CDF1D06629C002FDEB2 /* LaunchScreen.storyboard in Resources */ = {isa = PBXBuildFile; fileRef = 967D1CDD1D06629C002FDEB2 /* LaunchScreen.storyboard */; };
		967D1CE71D066676002FDEB2 /* index.html in Resources */ = {isa = PBXBuildFile; fileRef = 967D1CE61D066676002FDEB2 /* index.html */; };
/* End PBXBuildFile section */

/* Begin PBXFileReference section */
		967D1CCC1D06629C002FDEB2 /* HybridDemo.app */ = {isa = PBXFileReference; explicitFileType = wrapper.application; includeInIndex = 0; path = HybridDemo.app; sourceTree = BUILT_PRODUCTS_DIR; };
		967D1CD01D06629C002FDEB2 /* main.m */ = {isa = PBXFileReference; lastKnownFileType = sourcecode.c.objc; path = main.m; sourceTree = "<group>"; };
		967D1CD21D06629C002FDEB2 /* AppDelegate.h */ = {isa = PBXFileReference; lastKnownFileType = sourcecode.c.h; path = AppDelegate.h; sourceTree = "<group>"; };
		967D1CD31D06629C002FDEB2 /* AppDelegate.m */ = {isa = PBXFileReference; lastKnownFileType = sourcecode.c.objc; path = AppDelegate.m; sourceTree = "<group>"; };
		967D1CD51D06629C002FDEB2 /* ViewController.h */ = {isa = PBXFileReference; lastKnownFileType = sourcecode.c.h; path = ViewController.h; sourceTree = "<group>"; };
		967D1CD61D06629C002FDEB2 /* ViewController.m */ = {isa = PBXFileReference; lastKnownFileType = sourcecode.c.objc; path = ViewController.m; sourceTree = "<group>"; };
		967D1CD91D06629C002FDEB2 /* Base */ = {isa = PBXFileReference; lastKnownFileType = file.storyboard; name = Base; path = Base.lproj/Main.storyboard; sourceTree = "<group>"; };
		967D1CDB1D06629C002FDEB2 /* Assets.xcassets */ = {isa = PBXFileReference; lastKnownFileType = folder.assetcatalog; path = Assets.xcassets; sourceTree = "<group>"; };
		967D1CDE1D06629C002FDEB2 /* Base */ = {isa = PBXFileReference; lastKnownFileType = file.storyboard; name = Base; path = Base.lproj/LaunchScreen.storyboard; sourceTree = "<group>"; };
		967D1CE01D06629C002FDEB2 /* Info.plist */ = {isa = PBXFileReference; lastKnownFileType = text.plist.xml; path = Info.plist; sourceTree = "<group>"; };
		967D1CE61D066676002FDEB2 /* index.html */ = {isa = PBXFileReference; fileEncoding = 4; lastKnownFileType = text.html; path = index.html; sourceTree = "<group>"; };
/* End PBXFileReference section */

/* Begin PBXFrameworksBuildPhase section */
		967D1CC91D06629C002FDEB2 /* Frameworks */ = {
			isa = PBXFrameworksBuildPhase;
			buildActionMask = 2147483647;
			files = (
			);
			runOnlyForDeploymentPostprocessing = 0;
		};
/* End PBXFrameworksBuildPhase section */

/* Begin PBXGroup section */
		967D1CC31D06629C002FDEB2 = {
			isa = PBXGroup;
			children = (
				967D1CCE1D06629C002FDEB2 /* HybridDemo */,
				967D1CCD1D06629C002FDEB2 /* Products */,
			);
			sourceTree = "<group>";
		};
		967D1CCD1D06629C002FDEB2 /* Products */ = {
			isa = PBXGroup;
			children = (
				967D1CCC1D06629C002FDEB2 /* HybridDemo.app */,
			);
			name = Products;
			sourceTree = "<group>";
		};
		967D1CCE1D06629C002FDEB2 /* HybridDemo */ = {
			isa = PBXGroup;
			children = (
				967D1CD21D06629C002FDEB2 /* AppDelegate.h */,
				967D1CD31D06629C002FDEB2 /* AppDelegate.m */,
				967D1CD51D06629C002FDEB2 /* ViewController.h */,
				967D1CD61D06629C002FDEB2 /* ViewController.m */,
				967D1CD81D06629C002FDEB2 /* Main.storyboard */,
				967D1CDB1D06629C002FDEB2 /* Assets.xcassets */,
				967D1CDD1D06629C002FDEB2 /* LaunchScreen.storyboard */,
				967D1CE01D06629C002FDEB2 /* Info.plist */,
				967D1CCF1D06629C002FDEB2 /* Supporting Files */,
			);
			path = HybridDemo;
			sourceTree = "<group>";
		};
		967D1CCF1D06629C002FDEB2 /* Supporting Files */ = {
			isa = PBXGroup;
			children = (
				967D1CE61D066676002FDEB2 /* index.html */,
				967D1CD01D06629C002FDEB2 /* main.m */,
			);
			name = "Supporting Files";
			sourceTree = "<group>";
		};
/* End PBXGroup section */

/* Begin PBXNativeTarget section */
		967D1CCB1D06629C002FDEB2 /* HybridDemo */ = {
			isa = PBXNativeTarget;
			buildConfigurationList = 967D1CE31D06629C002FDEB2 /* Build configuration list for PBXNativeTarget "HybridDemo" */;
			buildPhases = (
				967D1CC81D06629C002FDEB2 /* Sources */,
				967D1CC91D06629C002FDEB2 /* Frameworks */,
				967D1CCA1D06629C002FDEB2 /* Resources */,
			);
			buildRules = (
			);
			dependencies = (
			);
			name = HybridDemo;
			productName = HybridDemo;
			productReference = 967D1CCC1D06629C002FDEB2 /* HybridDemo.app */;
			productType = "com.apple.product-type.application";
		};
/* End PBXNativeTarget section */

/* Begin PBXProject section */
		967D1CC41D06629C002FDEB2 /* Project object */ = {
			isa = PBXProject;
			attributes = {
				LastUpgradeCheck = 0730;
				ORGANIZATIONNAME = SoulJa;
				TargetAttributes = {
					967D1CCB1D06629C002FDEB2 = {
						CreatedOnToolsVersion = 7.3;
					};
				};
			};
			buildConfigurationList = 967D1CC71D06629C002FDEB2 /* Build configuration list for PBXProject "HybridDemo" */;
			compatibilityVersion = "Xcode 3.2";
			developmentRegion = English;
			hasScannedForEncodings = 0;
			knownRegions = (
				en,
				Base,
			);
			mainGroup = 967D1CC31D06629C002FDEB2;
			productRefGroup = 967D1CCD1D06629C002FDEB2 /* Products */;
			projectDirPath = "";
			projectRoot = "";
			targets = (
				967D1CCB1D06629C002FDEB2 /* HybridDemo */,
			);
		};
/* End PBXProject section */

/* Begin PBXResourcesBuildPhase section */
		967D1CCA1D06629C002FDEB2 /* Resources */ = {
			isa = PBXResourcesBuildPhase;
			buildActionMask = 2147483647;
			files = (
				967D1CDF1D06629C002FDEB2 /* LaunchScreen.storyboard in Resources */,
				967D1CE71D066676002FDEB2 /* index.html in Resources */,
				967D1CDC1D06629C002FDEB2 /* Assets.xcassets in Resources */,
				967D1CDA1D06629C002FDEB2 /* Main.storyboard in Resources */,
			);
			runOnlyForDeploymentPostprocessing = 0;
		};
/* End PBXResourcesBuildPhase section */

/* Begin PBXSourcesBuildPhase section */
		967D1CC81D06629C002FDEB2 /* Sources */ = {
			isa = PBXSourcesBuildPhase;
			buildActionMask = 2147483647;
			files = (
				967D1CD71D06629C002FDEB2 /* ViewController.m in Sources */,
				967D1CD41D06629C002FDEB2 /* AppDelegate.m in Sources */,
				967D1CD11D06629C002FDEB2 /* main.m in Sources */,
			);
			runOnlyForDeploymentPostprocessing = 0;
		};
/* End PBXSourcesBuildPhase section */

/* Begin PBXVariantGroup section */
		967D1CD81D06629C002FDEB2 /* Main.storyboard */ = {
			isa = PBXVariantGroup;
			children = (
				967D1CD91D06629C002FDEB2 /* Base */,
			);
			name = Main.storyboard;
			sourceTree = "<group>";
		};
		967D1CDD1D06629C002FDEB2 /* LaunchScreen.storyboard */ = {
			isa = PBXVariantGroup;
			children = (
				967D1CDE1D06629C002FDEB2 /* Base */,
			);
			name = LaunchScreen.storyboard;
			sourceTree = "<group>";
		};
/* End PBXVariantGroup section */

/* Begin XCBuildConfiguration section */
		967D1CE11D06629C002FDEB2 /* Debug */ = {
			isa = XCBuildConfiguration;
			buildSettings = {
				ALWAYS_SEARCH_USER_PATHS = NO;
				CLANG_ANALYZER_NONNULL = YES;
				CLANG_CXX_LANGUAGE_STANDARD = "gnu++0x";
				CLANG_CXX_LIBRARY = "libc++";
				CLANG_ENABLE_MODULES = YES;
				CLANG_ENABLE_OBJC_ARC = YES;
				CLANG_WARN_BOOL_CONVERSION = YES;
				CLANG_WARN_CONSTANT_CONVERSION = YES;
				CLANG_WARN_DIRECT_OBJC_ISA_USAGE = YES_ERROR;
				CLANG_WARN_EMPTY_BODY = YES;
				CLANG_WARN_ENUM_CONVERSION = YES;
				CLANG_WARN_INT_CONVERSION = YES;
				CLANG_WARN_OBJC_ROOT_CLASS = YES_ERROR;
				CLANG_WARN_UNREACHABLE_CODE = YES;
				CLANG_WARN__DUPLICATE_METHOD_MATCH = YES;
				"CODE_SIGN_IDENTITY[sdk=iphoneos*]" = "iPhone Developer";
				COPY_PHASE_STRIP = NO;
				DEBUG_INFORMATION_FORMAT = dwarf;
				ENABLE_STRICT_OBJC_MSGSEND = YES;
				ENABLE_TESTABILITY = YES;
				GCC_C_LANGUAGE_STANDARD = gnu99;
				GCC_DYNAMIC_NO_PIC = NO;
				GCC_NO_COMMON_BLOCKS = YES;
				GCC_OPTIMIZATION_LEVEL = 0;
				GCC_PREPROCESSOR_DEFINITIONS = (
					"DEBUG=1",
					"$(inherited)",
				);
				GCC_WARN_64_TO_32_BIT_CONVERSION = YES;
				GCC_WARN_ABOUT_RETURN_TYPE = YES_ERROR;
				GCC_WARN_UNDECLARED_SELECTOR = YES;
				GCC_WARN_UNINITIALIZED_AUTOS = YES_AGGRESSIVE;
				GCC_WARN_UNUSED_FUNCTION = YES;
				GCC_WARN_UNUSED_VARIABLE = YES;
				IPHONEOS_DEPLOYMENT_TARGET = 9.3;
				MTL_ENABLE_DEBUG_INFO = YES;
				ONLY_ACTIVE_ARCH = YES;
				SDKROOT = iphoneos;
			};
			name = Debug;
		};
		967D1CE21D06629C002FDEB2 /* Release */ = {
			isa = XCBuildConfiguration;
			buildSettings = {
				ALWAYS_SEARCH_USER_PATHS = NO;
				CLANG_ANALYZER_NONNULL = YES;
				CLANG_CXX_LANGUAGE_STANDARD = "gnu++0x";
				CLANG_CXX_LIBRARY = "libc++";
				CLANG_ENABLE_MODULES = YES;
				CLANG_ENABLE_OBJC_ARC = YES;
				CLANG_WARN_BOOL_CONVERSION = YES;
				CLANG_WARN_CONSTANT_CONVERSION = YES;
				CLANG_WARN_DIRECT_OBJC_ISA_USAGE = YES_ERROR;
				CLANG_WARN_EMPTY_BODY = YES;
				CLANG_WARN_ENUM_CONVERSION = YES;
				CLANG_WARN_INT_CONVERSION = YES;
				CLANG_WARN_OBJC_ROOT_CLASS = YES_ERROR;
				CLANG_WARN_UNREACHABLE_CODE = YES;
				CLANG_WARN__DUPLICATE_METHOD_MATCH = YES;
				"CODE_SIGN_IDENTITY[sdk=iphoneos*]" = "iPhone Developer";
				COPY_PHASE_STRIP = NO;
				DEBUG_INFORMATION_FORMAT = "dwarf-with-dsym";
				ENABLE_NS_ASSERTIONS = NO;
				ENABLE_STRICT_OBJC_MSGSEND = YES;
				GCC_C_LANGUAGE_STANDARD = gnu99;
				GCC_NO_COMMON_BLOCKS = YES;
				GCC_WARN_64_TO_32_BIT_CONVERSION = YES;
				GCC_WARN_ABOUT_RETURN_TYPE = YES_ERROR;
				GCC_WARN_UNDECLARED_SELECTOR = YES;
				GCC_WARN_UNINITIALIZED_AUTOS = YES_AGGRESSIVE;
				GCC_WARN_UNUSED_FUNCTION = YES;
				GCC_WARN_UNUSED_VARIABLE = YES;
				IPHONEOS_DEPLOYMENT_TARGET = 9.3;
				MTL_ENABLE_DEBUG_INFO = NO;
				SDKROOT = iphoneos;
				VALIDATE_PRODUCT = YES;
			};
			name = Release;
		};
		967D1CE41D06629C002FDEB2 /* Debug */ = {
			isa = XCBuildConfiguration;
			buildSettings = {
				ASSETCATALOG_COMPILER_APPICON_NAME = AppIcon;
				INFOPLIST_FILE = HybridDemo/Info.plist;
				LD_RUNPATH_SEARCH_PATHS = "$(inherited) @executable_path/Frameworks";
				PRODUCT_BUNDLE_IDENTIFIER = com.soulja.HybridDemo;
				PRODUCT_NAME = "$(TARGET_NAME)";
			};
			name = Debug;
		};
		967D1CE51D06629C002FDEB2 /* Release */ = {
			isa = XCBuildConfiguration;
			buildSettings = {
				ASSETCATALOG_COMPILER_APPICON_NAME = AppIcon;
				INFOPLIST_FILE = HybridDemo/Info.plist;
				LD_RUNPATH_SEARCH_PATHS = "$(inherited) @executable_path/Frameworks";
				PRODUCT_BUNDLE_IDENTIFIER = com.soulja.HybridDemo;
				PRODUCT_NAME = "$(TARGET_NAME)";
			};
			name = Release;
		};
/* End XCBuildConfiguration section */

/* Begin XCConfigurationList section */
		967D1CC71D06629C002FDEB2 /* Build configuration list for PBXProject "HybridDemo" */ = {
			isa = XCConfigurationList;
			buildConfigurations = (
				967D1CE11D06629C002FDEB2 /* Debug */,
				967D1CE21D06629C002FDEB2 /* Release */,
			);
			defaultConfigurationIsVisible = 0;
			defaultConfigurationName = Release;
		};
		967D1CE31D06629C002FDEB2 /* Build configuration list for PBXNativeTarget "HybridDemo" */ = {
			isa = XCConfigurationList;
			buildConfigurations = (
				967D1CE41D06629C002FDEB2 /* Debug */,
				967D1CE51D06629C002FDEB2 /* Release */,
			);
			defaultConfigurationIsVisible = 0;
		};
/* End XCConfigurationList section */
	};
	rootObject = 967D1CC41D06629C002FDEB2 /* Project object */;
}
